
Microsoft Visual Studio Solution File, Format Version 12.00
# Visual Studio Version 16
VisualStudioVersion = 16.0.31911.196
MinimumVisualStudioVersion = 10.0.40219.1
Project("{FAE04EC0-301F-11D3-BF4B-00C04F79EFBC}") = "RecipesApp", "RecipesApp.csproj", "{A575AC5F-CED4-49D3-85F3-2872C425CF11}"
EndProject
Global
	GlobalSection(SolutionConfigurationPlatforms) = preSolution
		Debug|Any CPU = Debug|Any CPU
		Release|Any CPU = Release|Any CPU
	EndGlobalSection
	GlobalSection(ProjectConfigurationPlatforms) = postSolution
		{A575AC5F-CED4-49D3-85F3-2872C425CF11}.Debug|Any CPU.ActiveCfg = Debug|Any CPU
		{A575AC5F-CED4-49D3-85F3-2872C425CF11}.Debug|Any CPU.Build.0 = Debug|Any CPU
		{A575AC5F-CED4-49D3-85F3-2872C425CF11}.Release|Any CPU.ActiveCfg = Release|Any CPU
		{A575AC5F-CED4-49D3-85F3-2872C425CF11}.Release|Any CPU.Build.0 = Release|Any CPU
	EndGlobalSection
	GlobalSection(SolutionProperties) = preSolution
		HideSolutionNode = FALSE
	EndGlobalSection
	GlobalSection(ExtensibilityGlobals) = postSolution
		SolutionGuid = {B7AA4AD9-85E9-43FE-811A-CB8C032005CC}
	EndGlobalSection
EndGlobal
